# This file is automatically @generated by Cargo.
# It is not intended for manual editing.
version = 4

[[package]]
name = "anyhow"
version = "1.0.102"
source = "registry+https://github.com/rust-lang/crates.io-index"
checksum = "7f202df86484c868dbad7eaa557ef785d5c66295e41b460ef922eca0723b842c"

[[package]]
name = "bitvec"
version = "1.0.1"
source = "registry+https://github.com/rust-lang/crates.io-index"
checksum = "1bc2832c24239b0141d5674bb9174f9d68a8b5b3f2753311927c172ca46f7e9c"
dependencies = [
 "funty",
 "radium",
 "tap",
 "wyz",
]

[[package]]
name = "funty"
version = "2.0.0"
source = "registry+https://github.com/rust-lang/crates.io-index"
checksum = "e6d5a32815ae3f33302d95fdcb2ce17862f8c65363dcfd29360480ba1001fc9c"

[[package]]
name = "less-avc"
version = "0.1.5"
source = "registry+https://github.com/rust-lang/crates.io-index"
checksum = "d7df4e93ee0791bea98e60f024103d8648642d4496c632db290a16fab41bb9bf"
dependencies = [
 "bitvec",
 "memchr",
]

[[package]]
name = "memchr"
version = "2.8.0"
source = "registry+https://github.com/rust-lang/crates.io-index"
checksum = "f8ca58f447f06ed17d5fc4043ce1b10dd205e060fb3ce5b979b8ed8e59ff3f79"

[[package]]
name = "radium"
version = "0.7.0"
source = "registry+https://github.com/rust-lang/crates.io-index"
checksum = "dc33ff2d4973d518d823d61aa239014831e521c75da58e3df4840d3f47749d09"

[[package]]
name = "tap"
version = "1.0.1"
source = "registry+https://github.com/rust-lang/crates.io-index"
checksum = "55937e1799185b12863d447f42597ed69d9928686b8d88a1df17376a097d8369"

[[package]]
name = "testbench"
version = "0.1.0"
dependencies = [
 "anyhow",
 "less-avc",
 "videoson-codec-h264",
 "videoson-core",
]

[[package]]
name = "videoson"
version = "0.1.0"
dependencies = [
 "videoson-common",
 "videoson-core",
 "videoson-format-ivf",
]

[[package]]
name = "videoson-codec-av1"
version = "0.1.0"
dependencies = [
 "videoson-core",
]

[[package]]
name = "videoson-codec-h264"
version = "0.1.0"
dependencies = [
 "videoson-common",
 "videoson-core",
]

[[package]]
name = "videoson-common"
version = "0.1.0"

[[package]]
name = "videoson-core"
version = "0.1.0"

[[package]]
name = "videoson-format-ivf"
version = "0.1.0"
dependencies = [
 "videoson-common",
 "videoson-core",
]

[[package]]
name = "wyz"
version = "0.5.1"
source = "registry+https://github.com/rust-lang/crates.io-index"
checksum = "05f360fc0b24296329c78fda852a1e9ae82de9cf7b27dae4b7f62f118f77b9ed"
dependencies = [
 "tap",
]
